
Microsoft Visual Studio Solution File, Format Version 12.00
# Visual Studio 15
VisualStudioVersion = 15.0.27004.2009
MinimumVisualStudioVersion = 10.0.40219.1
Project("{FAE04EC0-301F-11D3-BF4B-00C04F79EFBC}") = "ConvertImageToPDF", "ConvertImageToPDF\ConvertImageToPDF.csproj", "{FCDA9065-EE46-4959-B191-C984B2393207}"
EndProject
Global
	GlobalSection(SolutionConfigurationPlatforms) = preSolution
		Debug|Any CPU = Debug|Any CPU
		Debug|x86 = Debug|x86
		Release|Any CPU = Release|Any CPU
		Release|x86 = Release|x86
	EndGlobalSection
	GlobalSection(ProjectConfigurationPlatforms) = postSolution
		{FCDA9065-EE46-4959-B191-C984B2393207}.Debug|Any CPU.ActiveCfg = Debug|Any CPU
		{FCDA9065-EE46-4959-B191-C984B2393207}.Debug|Any CPU.Build.0 = Debug|Any CPU
		{FCDA9065-EE46-4959-B191-C984B2393207}.Debug|x86.ActiveCfg = Debug|Any CPU
		{FCDA9065-EE46-4959-B191-C984B2393207}.Debug|x86.Build.0 = Debug|Any CPU
		{FCDA9065-EE46-4959-B191-C984B2393207}.Release|Any CPU.ActiveCfg = Debug|Any CPU
		{FCDA9065-EE46-4959-B191-C984B2393207}.Release|Any CPU.Build.0 = Debug|Any CPU
		{FCDA9065-EE46-4959-B191-C984B2393207}.Release|x86.ActiveCfg = Debug|Any CPU
		{FCDA9065-EE46-4959-B191-C984B2393207}.Release|x86.Build.0 = Debug|Any CPU
	EndGlobalSection
	GlobalSection(SolutionProperties) = preSolution
		HideSolutionNode = FALSE
	EndGlobalSection
	GlobalSection(ExtensibilityGlobals) = postSolution
		SolutionGuid = {D4A1175B-F818-4C34-A613-1F1DF4286FB5}
	EndGlobalSection
EndGlobal
